// !$*UTF8*$!
{
	archiveVersion = 1;
	classes = {
	};
	objectVersion = 46;
	objects = {

/* Begin PBXBuildFile section */
		8DD76F9A0486AA7600D96B5E /* mirror.m in Sources */ = {isa = PBXBuildFile; fileRef = 08FB7796FE84155DC02AAC07 /* mirror.m */; settings = {ATTRIBUTES = (); }; };
		8DD76F9C0486AA7600D96B5E /* Foundation.framework in Frameworks */ = {isa = PBXBuildFile; fileRef = 08FB779EFE84155DC02AAC07 /* Foundation.framework */; };
		8DD76F9F0486AA7600D96B5E /* mirror.1 in CopyFiles */ = {isa = PBXBuildFile; fileRef = C6859EA3029092ED04C91782 /* mirror.1 */; };
		E776690F2069C607008EF6C9 /* CoreGraphics.framework in Frameworks */ = {isa = PBXBuildFile; fileRef = E776690E2069C607008EF6C9 /* CoreGraphics.framework */; };
		E77669102069C612008EF6C9 /* CoreGraphics.framework in Frameworks */ = {isa = PBXBuildFile; fileRef = E776690E2069C607008EF6C9 /* CoreGraphics.framework */; };
		E7DBE7F20F3AB13100F76726 /* Foundation.framework in Frameworks */ = {isa = PBXBuildFile; fileRef = 08FB779EFE84155DC02AAC07 /* Foundation.framework */; };
		E7DBE8070F3AB19900F76726 /* MDIcon.icns in Resources */ = {isa = PBXBuildFile; fileRef = E7DBE8060F3AB19900F76726 /* MDIcon.icns */; };
		E7DBE8300F3AB40100F76726 /* mirror in CopyFiles */ = {isa = PBXBuildFile; fileRef = 8DD76FA10486AA7600D96B5E /* mirror */; settings = {ATTRIBUTES = (CodeSignOnCopy, ); }; };
		E7DBE8410F3AB64A00F76726 /* gpl.txt in Resources */ = {isa = PBXBuildFile; fileRef = E7DBE8400F3AB64A00F76726 /* gpl.txt */; };
/* End PBXBuildFile section */

/* Begin PBXContainerItemProxy section */
		E7DBE8340F3AB43A00F76726 /* PBXContainerItemProxy */ = {
			isa = PBXContainerItemProxy;
			containerPortal = 08FB7793FE84155DC02AAC07 /* Project object */;
			proxyType = 1;
			remoteGlobalIDString = 8DD76F960486AA7600D96B5E;
			remoteInfo = mirror;
		};
/* End PBXContainerItemProxy section */

/* Begin PBXCopyFilesBuildPhase section */
		8DD76F9E0486AA7600D96B5E /* CopyFiles */ = {
			isa = PBXCopyFilesBuildPhase;
			buildActionMask = 8;
			dstPath = /usr/share/man/man1/;
			dstSubfolderSpec = 0;
			files = (
				8DD76F9F0486AA7600D96B5E /* mirror.1 in CopyFiles */,
			);
			runOnlyForDeploymentPostprocessing = 1;
		};
		E7DBE8390F3AB46300F76726 /* CopyFiles */ = {
			isa = PBXCopyFilesBuildPhase;
			buildActionMask = 2147483647;
			dstPath = "";
			dstSubfolderSpec = 6;
			files = (
				E7DBE8300F3AB40100F76726 /* mirror in CopyFiles */,
			);
			runOnlyForDeploymentPostprocessing = 0;
		};
/* End PBXCopyFilesBuildPhase section */

/* Begin PBXFileReference section */
		08FB7796FE84155DC02AAC07 /* mirror.m */ = {isa = PBXFileReference; fileEncoding = 4; lastKnownFileType = sourcecode.c.objc; path = mirror.m; sourceTree = "<group>"; };
		08FB779EFE84155DC02AAC07 /* Foundation.framework */ = {isa = PBXFileReference; lastKnownFileType = wrapper.framework; name = Foundation.framework; path = /System/Library/Frameworks/Foundation.framework; sourceTree = "<absolute>"; };
		8DD76FA10486AA7600D96B5E /* mirror */ = {isa = PBXFileReference; explicitFileType = "compiled.mach-o.executable"; includeInIndex = 0; path = mirror; sourceTree = BUILT_PRODUCTS_DIR; };
		C6859EA3029092ED04C91782 /* mirror.1 */ = {isa = PBXFileReference; lastKnownFileType = text.man; path = mirror.1; sourceTree = "<group>"; };
		E732D44123F82FF800A4C11A /* mirrorRelease.entitlements */ = {isa = PBXFileReference; lastKnownFileType = text.plist.entitlements; path = mirrorRelease.entitlements; sourceTree = "<group>"; };
		E732D44223F8304100A4C11A /* MirrorDisplaysRelease.entitlements */ = {isa = PBXFileReference; lastKnownFileType = text.plist.entitlements; path = MirrorDisplaysRelease.entitlements; sourceTree = "<group>"; };
		E732D44323F89AC400A4C11A /* MirrorDisplays.entitlements */ = {isa = PBXFileReference; lastKnownFileType = text.plist.entitlements; path = MirrorDisplays.entitlements; sourceTree = "<group>"; };
		E732D44423F89BF500A4C11A /* mirror.entitlements */ = {isa = PBXFileReference; lastKnownFileType = text.plist.entitlements; path = mirror.entitlements; sourceTree = "<group>"; };
		E776690E2069C607008EF6C9 /* CoreGraphics.framework */ = {isa = PBXFileReference; lastKnownFileType = wrapper.framework; name = CoreGraphics.framework; path = System/Library/Frameworks/CoreGraphics.framework; sourceTree = SDKROOT; };
		E77669112069C8FD008EF6C9 /* README.md */ = {isa = PBXFileReference; lastKnownFileType = net.daringfireball.markdown; path = README.md; sourceTree = "<group>"; };
		E7DBE7DD0F3AB04F00F76726 /* MirrorDisplays.app */ = {isa = PBXFileReference; explicitFileType = wrapper.application; includeInIndex = 0; path = MirrorDisplays.app; sourceTree = BUILT_PRODUCTS_DIR; };
		E7DBE7DF0F3AB04F00F76726 /* MirrorDisplays-Info.plist */ = {isa = PBXFileReference; lastKnownFileType = text.plist.xml; path = "MirrorDisplays-Info.plist"; sourceTree = "<group>"; };
		E7DBE8060F3AB19900F76726 /* MDIcon.icns */ = {isa = PBXFileReference; lastKnownFileType = image.icns; path = MDIcon.icns; sourceTree = "<group>"; };
		E7DBE8400F3AB64A00F76726 /* gpl.txt */ = {isa = PBXFileReference; fileEncoding = 4; lastKnownFileType = text; path = gpl.txt; sourceTree = "<group>"; };
/* End PBXFileReference section */

/* Begin PBXFrameworksBuildPhase section */
		8DD76F9B0486AA7600D96B5E /* Frameworks */ = {
			isa = PBXFrameworksBuildPhase;
			buildActionMask = 2147483647;
			files = (
				E776690F2069C607008EF6C9 /* CoreGraphics.framework in Frameworks */,
				8DD76F9C0486AA7600D96B5E /* Foundation.framework in Frameworks */,
			);
			runOnlyForDeploymentPostprocessing = 0;
		};
		E7DBE7DB0F3AB04F00F76726 /* Frameworks */ = {
			isa = PBXFrameworksBuildPhase;
			buildActionMask = 2147483647;
			files = (
				E77669102069C612008EF6C9 /* CoreGraphics.framework in Frameworks */,
				E7DBE7F20F3AB13100F76726 /* Foundation.framework in Frameworks */,
			);
			runOnlyForDeploymentPostprocessing = 0;
		};
/* End PBXFrameworksBuildPhase section */

/* Begin PBXGroup section */
		08FB7794FE84155DC02AAC07 /* mirror */ = {
			isa = PBXGroup;
			children = (
				E732D44423F89BF500A4C11A /* mirror.entitlements */,
				E732D44323F89AC400A4C11A /* MirrorDisplays.entitlements */,
				E732D44223F8304100A4C11A /* MirrorDisplaysRelease.entitlements */,
				E732D44123F82FF800A4C11A /* mirrorRelease.entitlements */,
				E7DBE8060F3AB19900F76726 /* MDIcon.icns */,
				E77669112069C8FD008EF6C9 /* README.md */,
				08FB7795FE84155DC02AAC07 /* Source */,
				C6859EA2029092E104C91782 /* Documentation */,
				08FB779DFE84155DC02AAC07 /* External Frameworks and Libraries */,
				1AB674ADFE9D54B511CA2CBB /* Products */,
				E7DBE7DF0F3AB04F00F76726 /* MirrorDisplays-Info.plist */,
				E776690D2069C607008EF6C9 /* Frameworks */,
			);
			name = mirror;
			sourceTree = "<group>";
		};
		08FB7795FE84155DC02AAC07 /* Source */ = {
			isa = PBXGroup;
			children = (
				08FB7796FE84155DC02AAC07 /* mirror.m */,
			);
			name = Source;
			sourceTree = "<group>";
		};
		08FB779DFE84155DC02AAC07 /* External Frameworks and Libraries */ = {
			isa = PBXGroup;
			children = (
				08FB779EFE84155DC02AAC07 /* Foundation.framework */,
			);
			name = "External Frameworks and Libraries";
			sourceTree = "<group>";
		};
		1AB674ADFE9D54B511CA2CBB /* Products */ = {
			isa = PBXGroup;
			children = (
				8DD76FA10486AA7600D96B5E /* mirror */,
				E7DBE7DD0F3AB04F00F76726 /* MirrorDisplays.app */,
			);
			name = Products;
			sourceTree = "<group>";
		};
		C6859EA2029092E104C91782 /* Documentation */ = {
			isa = PBXGroup;
			children = (
				E7DBE8400F3AB64A00F76726 /* gpl.txt */,
				C6859EA3029092ED04C91782 /* mirror.1 */,
			);
			name = Documentation;
			sourceTree = "<group>";
		};
		E776690D2069C607008EF6C9 /* Frameworks */ = {
			isa = PBXGroup;
			children = (
				E776690E2069C607008EF6C9 /* CoreGraphics.framework */,
			);
			name = Frameworks;
			sourceTree = "<group>";
		};
/* End PBXGroup section */

/* Begin PBXNativeTarget section */
		8DD76F960486AA7600D96B5E /* mirror */ = {
			isa = PBXNativeTarget;
			buildConfigurationList = 1DEB927408733DD40010E9CD /* Build configuration list for PBXNativeTarget "mirror" */;
			buildPhases = (
				8DD76F990486AA7600D96B5E /* Sources */,
				8DD76F9B0486AA7600D96B5E /* Frameworks */,
				8DD76F9E0486AA7600D96B5E /* CopyFiles */,
			);
			buildRules = (
			);
			dependencies = (
			);
			name = mirror;
			productInstallPath = "$(HOME)/bin";
			productName = mirror;
			productReference = 8DD76FA10486AA7600D96B5E /* mirror */;
			productType = "com.apple.product-type.tool";
		};
		E7DBE7DC0F3AB04F00F76726 /* MirrorDisplays */ = {
			isa = PBXNativeTarget;
			buildConfigurationList = E7DBE7E20F3AB05000F76726 /* Build configuration list for PBXNativeTarget "MirrorDisplays" */;
			buildPhases = (
				E7DBE7D90F3AB04F00F76726 /* Resources */,
				E7DBE7DA0F3AB04F00F76726 /* Sources */,
				E7DBE7DB0F3AB04F00F76726 /* Frameworks */,
				E7DBE8390F3AB46300F76726 /* CopyFiles */,
			);
			buildRules = (
			);
			comments = "Copyright 2009 Fabián Cañas. All rights reserved.\n\nThis program is free software: you can redistribute it and/or modify\t\nit under the terms of the GNU General Public License as published by\nthe Free Software Foundation, either version 3 of the License, or\n(at your option) any later version.";
			dependencies = (
				E7DBE8350F3AB43A00F76726 /* PBXTargetDependency */,
			);
			name = MirrorDisplays;
			productName = MirrorDisplays;
			productReference = E7DBE7DD0F3AB04F00F76726 /* MirrorDisplays.app */;
			productType = "com.apple.product-type.application";
		};
/* End PBXNativeTarget section */

/* Begin PBXProject section */
		08FB7793FE84155DC02AAC07 /* Project object */ = {
			isa = PBXProject;
			attributes = {
				LastUpgradeCheck = 1130;
				TargetAttributes = {
					8DD76F960486AA7600D96B5E = {
						ProvisioningStyle = Manual;
					};
					E7DBE7DC0F3AB04F00F76726 = {
						ProvisioningStyle = Manual;
					};
				};
			};
			buildConfigurationList = 1DEB927808733DD40010E9CD /* Build configuration list for PBXProject "mirror" */;
			compatibilityVersion = "Xcode 3.2";
			developmentRegion = en;
			hasScannedForEncodings = 1;
			knownRegions = (
				en,
				Base,
			);
			mainGroup = 08FB7794FE84155DC02AAC07 /* mirror */;
			projectDirPath = "";
			projectRoot = "";
			targets = (
				8DD76F960486AA7600D96B5E /* mirror */,
				E7DBE7DC0F3AB04F00F76726 /* MirrorDisplays */,
			);
		};
/* End PBXProject section */

/* Begin PBXResourcesBuildPhase section */
		E7DBE7D90F3AB04F00F76726 /* Resources */ = {
			isa = PBXResourcesBuildPhase;
			buildActionMask = 2147483647;
			files = (
				E7DBE8070F3AB19900F76726 /* MDIcon.icns in Resources */,
				E7DBE8410F3AB64A00F76726 /* gpl.txt in Resources */,
			);
			runOnlyForDeploymentPostprocessing = 0;
		};
/* End PBXResourcesBuildPhase section */

/* Begin PBXSourcesBuildPhase section */
		8DD76F990486AA7600D96B5E /* Sources */ = {
			isa = PBXSourcesBuildPhase;
			buildActionMask = 2147483647;
			files = (
				8DD76F9A0486AA7600D96B5E /* mirror.m in Sources */,
			);
			runOnlyForDeploymentPostprocessing = 0;
		};
		E7DBE7DA0F3AB04F00F76726 /* Sources */ = {
			isa = PBXSourcesBuildPhase;
			buildActionMask = 2147483647;
			files = (
			);
			runOnlyForDeploymentPostprocessing = 0;
		};
/* End PBXSourcesBuildPhase section */

/* Begin PBXTargetDependency section */
		E7DBE8350F3AB43A00F76726 /* PBXTargetDependency */ = {
			isa = PBXTargetDependency;
			target = 8DD76F960486AA7600D96B5E /* mirror */;
			targetProxy = E7DBE8340F3AB43A00F76726 /* PBXContainerItemProxy */;
		};
/* End PBXTargetDependency section */

/* Begin XCBuildConfiguration section */
		1DEB927508733DD40010E9CD /* Debug */ = {
			isa = XCBuildConfiguration;
			buildSettings = {
				ALWAYS_SEARCH_USER_PATHS = NO;
				CODE_SIGN_ENTITLEMENTS = mirror.entitlements;
				CODE_SIGN_IDENTITY = "-";
				CODE_SIGN_STYLE = Manual;
				COPY_PHASE_STRIP = NO;
				DEVELOPMENT_TEAM = "";
				GCC_DYNAMIC_NO_PIC = NO;
				GCC_MODEL_TUNING = G5;
				GCC_OPTIMIZATION_LEVEL = 0;
				INSTALL_PATH = /usr/local/bin;
				MACOSX_DEPLOYMENT_TARGET = 10.9;
				PRODUCT_NAME = mirror;
				PROVISIONING_PROFILE_SPECIFIER = "";
			};
			name = Debug;
		};
		1DEB927608733DD40010E9CD /* Release */ = {
			isa = XCBuildConfiguration;
			buildSettings = {
				ALWAYS_SEARCH_USER_PATHS = NO;
				CODE_SIGN_ENTITLEMENTS = mirrorRelease.entitlements;
				CODE_SIGN_IDENTITY = "Apple Distribution";
				CODE_SIGN_STYLE = Manual;
				DEBUG_INFORMATION_FORMAT = "dwarf-with-dsym";
				DEVELOPMENT_TEAM = AXL96AEQK3;
				ENABLE_HARDENED_RUNTIME = YES;
				GCC_MODEL_TUNING = G5;
				INSTALL_PATH = /usr/local/bin;
				MACOSX_DEPLOYMENT_TARGET = 10.9;
				PRODUCT_NAME = mirror;
				PROVISIONING_PROFILE_SPECIFIER = "";
			};
			name = Release;
		};
		1DEB927908733DD40010E9CD /* Debug */ = {
			isa = XCBuildConfiguration;
			buildSettings = {
				CLANG_ANALYZER_LOCALIZABILITY_NONLOCALIZED = YES;
				CLANG_ANALYZER_SECURITY_FLOATLOOPCOUNTER = YES;
				CLANG_ANALYZER_SECURITY_INSECUREAPI_STRCPY = YES;
				CLANG_ENABLE_OBJC_ARC = YES;
				CLANG_STATIC_ANALYZER_MODE = deep;
				CLANG_WARN_BLOCK_CAPTURE_AUTORELEASING = YES;
				CLANG_WARN_COMMA = YES;
				CLANG_WARN_DEPRECATED_OBJC_IMPLEMENTATIONS = YES;
				CLANG_WARN_EMPTY_BODY = YES;
				CLANG_WARN_INFINITE_RECURSION = YES;
				CLANG_WARN_OBJC_IMPLICIT_ATOMIC_PROPERTIES = YES;
				CLANG_WARN_OBJC_IMPLICIT_RETAIN_SELF = YES;
				CLANG_WARN_RANGE_LOOP_ANALYSIS = YES;
				CLANG_WARN_STRICT_PROTOTYPES = YES;
				CLANG_WARN_SUSPICIOUS_IMPLICIT_CONVERSION = YES_ERROR;
				CLANG_WARN_SUSPICIOUS_MOVE = YES;
				CLANG_WARN_UNGUARDED_AVAILABILITY = YES_AGGRESSIVE;
				CLANG_WARN_UNREACHABLE_CODE = YES_AGGRESSIVE;
				CLANG_WARN__DUPLICATE_METHOD_MATCH = YES;
				ENABLE_STRICT_OBJC_MSGSEND = YES;
				ENABLE_TESTABILITY = YES;
				GCC_C_LANGUAGE_STANDARD = c99;
				GCC_NO_COMMON_BLOCKS = YES;
				GCC_OPTIMIZATION_LEVEL = 0;
				GCC_TREAT_WARNINGS_AS_ERRORS = NO;
				GCC_WARN_64_TO_32_BIT_CONVERSION = YES;
				GCC_WARN_ABOUT_RETURN_TYPE = YES;
				GCC_WARN_UNDECLARED_SELECTOR = YES;
				GCC_WARN_UNINITIALIZED_AUTOS = YES;
				GCC_WARN_UNUSED_FUNCTION = YES;
				GCC_WARN_UNUSED_VARIABLE = YES;
				ONLY_ACTIVE_ARCH = YES;
				RUN_CLANG_STATIC_ANALYZER = YES;
				SDKROOT = macosx;
			};
			name = Debug;
		};
		1DEB927A08733DD40010E9CD /* Release */ = {
			isa = XCBuildConfiguration;
			buildSettings = {
				CLANG_ANALYZER_LOCALIZABILITY_NONLOCALIZED = YES;
				CLANG_ANALYZER_SECURITY_FLOATLOOPCOUNTER = YES;
				CLANG_ANALYZER_SECURITY_INSECUREAPI_STRCPY = YES;
				CLANG_ENABLE_OBJC_ARC = YES;
				CLANG_STATIC_ANALYZER_MODE = deep;
				CLANG_WARN_BLOCK_CAPTURE_AUTORELEASING = YES;
				CLANG_WARN_COMMA = YES;
				CLANG_WARN_DEPRECATED_OBJC_IMPLEMENTATIONS = YES;
				CLANG_WARN_EMPTY_BODY = YES;
				CLANG_WARN_INFINITE_RECURSION = YES;
				CLANG_WARN_OBJC_IMPLICIT_ATOMIC_PROPERTIES = YES;
				CLANG_WARN_OBJC_IMPLICIT_RETAIN_SELF = YES;
				CLANG_WARN_RANGE_LOOP_ANALYSIS = YES;
				CLANG_WARN_STRICT_PROTOTYPES = YES;
				CLANG_WARN_SUSPICIOUS_IMPLICIT_CONVERSION = YES_ERROR;
				CLANG_WARN_SUSPICIOUS_MOVE = YES;
				CLANG_WARN_UNGUARDED_AVAILABILITY = YES_AGGRESSIVE;
				CLANG_WARN_UNREACHABLE_CODE = YES_AGGRESSIVE;
				CLANG_WARN__DUPLICATE_METHOD_MATCH = YES;
				ENABLE_STRICT_OBJC_MSGSEND = YES;
				GCC_C_LANGUAGE_STANDARD = c99;
				GCC_NO_COMMON_BLOCKS = YES;
				GCC_TREAT_WARNINGS_AS_ERRORS = NO;
				GCC_WARN_64_TO_32_BIT_CONVERSION = YES;
				GCC_WARN_ABOUT_RETURN_TYPE = YES;
				GCC_WARN_UNDECLARED_SELECTOR = YES;
				GCC_WARN_UNINITIALIZED_AUTOS = YES;
				GCC_WARN_UNUSED_FUNCTION = YES;
				GCC_WARN_UNUSED_VARIABLE = YES;
				RUN_CLANG_STATIC_ANALYZER = YES;
				SDKROOT = macosx;
			};
			name = Release;
		};
		E7DBE7E00F3AB04F00F76726 /* Debug */ = {
			isa = XCBuildConfiguration;
			buildSettings = {
				ALWAYS_SEARCH_USER_PATHS = NO;
				CODE_SIGN_ENTITLEMENTS = MirrorDisplays.entitlements;
				CODE_SIGN_IDENTITY = "-";
				CODE_SIGN_STYLE = Manual;
				COMBINE_HIDPI_IMAGES = YES;
				COPY_PHASE_STRIP = NO;
				CURRENT_PROJECT_VERSION = 7;
				DEVELOPMENT_TEAM = "";
				ENABLE_HARDENED_RUNTIME = YES;
				GCC_DYNAMIC_NO_PIC = NO;
				GCC_OPTIMIZATION_LEVEL = 0;
				INFOPLIST_FILE = "MirrorDisplays-Info.plist";
				INSTALL_PATH = "$(HOME)/Applications";
				MACOSX_DEPLOYMENT_TARGET = 10.9;
				OTHER_LDFLAGS = (
					"-framework",
					Foundation,
					"-framework",
					AppKit,
				);
				PRODUCT_BUNDLE_IDENTIFIER = "com.fabiancanas.${PRODUCT_NAME:identifier}";
				PRODUCT_NAME = MirrorDisplays;
				PROVISIONING_PROFILE_SPECIFIER = "";
			};
			name = Debug;
		};
		E7DBE7E10F3AB04F00F76726 /* Release */ = {
			isa = XCBuildConfiguration;
			buildSettings = {
				ALWAYS_SEARCH_USER_PATHS = NO;
				CODE_SIGN_ENTITLEMENTS = MirrorDisplaysRelease.entitlements;
				CODE_SIGN_IDENTITY = "Apple Distribution";
				CODE_SIGN_STYLE = Manual;
				COMBINE_HIDPI_IMAGES = YES;
				COPY_PHASE_STRIP = YES;
				CURRENT_PROJECT_VERSION = 7;
				DEBUG_INFORMATION_FORMAT = "dwarf-with-dsym";
				DEVELOPMENT_TEAM = AXL96AEQK3;
				ENABLE_HARDENED_RUNTIME = YES;
				INFOPLIST_FILE = "MirrorDisplays-Info.plist";
				INSTALL_PATH = "$(HOME)/Applications";
				MACOSX_DEPLOYMENT_TARGET = 10.9;
				OTHER_LDFLAGS = (
					"-framework",
					Foundation,
					"-framework",
					AppKit,
				);
				PRODUCT_BUNDLE_IDENTIFIER = "com.fabiancanas.${PRODUCT_NAME:identifier}";
				PRODUCT_NAME = MirrorDisplays;
				PROVISIONING_PROFILE_SPECIFIER = "";
			};
			name = Release;
		};
/* End XCBuildConfiguration section */

/* Begin XCConfigurationList section */
		1DEB927408733DD40010E9CD /* Build configuration list for PBXNativeTarget "mirror" */ = {
			isa = XCConfigurationList;
			buildConfigurations = (
				1DEB927508733DD40010E9CD /* Debug */,
				1DEB927608733DD40010E9CD /* Release */,
			);
			defaultConfigurationIsVisible = 0;
			defaultConfigurationName = Release;
		};
		1DEB927808733DD40010E9CD /* Build configuration list for PBXProject "mirror" */ = {
			isa = XCConfigurationList;
			buildConfigurations = (
				1DEB927908733DD40010E9CD /* Debug */,
				1DEB927A08733DD40010E9CD /* Release */,
			);
			defaultConfigurationIsVisible = 0;
			defaultConfigurationName = Release;
		};
		E7DBE7E20F3AB05000F76726 /* Build configuration list for PBXNativeTarget "MirrorDisplays" */ = {
			isa = XCConfigurationList;
			buildConfigurations = (
				E7DBE7E00F3AB04F00F76726 /* Debug */,
				E7DBE7E10F3AB04F00F76726 /* Release */,
			);
			defaultConfigurationIsVisible = 0;
			defaultConfigurationName = Release;
		};
/* End XCConfigurationList section */
	};
	rootObject = 08FB7793FE84155DC02AAC07 /* Project object */;
}
